
Microsoft Visual Studio Solution File, Format Version 12.00
# Visual Studio Version 16
VisualStudioVersion = 16.0.30907.101
MinimumVisualStudioVersion = 10.0.40219.1
Project("{F184B08F-C81C-45F6-A57F-5ABD9991F28F}") = "WeeklyAssignment5", "WeeklyAssignment5.vbproj", "{5510BCCF-2819-4B68-8801-2DA1B0B14EF9}"
EndProject
Global
	GlobalSection(SolutionConfigurationPlatforms) = preSolution
		Debug|Any CPU = Debug|Any CPU
		Release|Any CPU = Release|Any CPU
	EndGlobalSection
	GlobalSection(ProjectConfigurationPlatforms) = postSolution
		{5510BCCF-2819-4B68-8801-2DA1B0B14EF9}.Debug|Any CPU.ActiveCfg = Debug|Any CPU
		{5510BCCF-2819-4B68-8801-2DA1B0B14EF9}.Debug|Any CPU.Build.0 = Debug|Any CPU
		{5510BCCF-2819-4B68-8801-2DA1B0B14EF9}.Release|Any CPU.ActiveCfg = Release|Any CPU
		{5510BCCF-2819-4B68-8801-2DA1B0B14EF9}.Release|Any CPU.Build.0 = Release|Any CPU
	EndGlobalSection
	GlobalSection(SolutionProperties) = preSolution
		HideSolutionNode = FALSE
	EndGlobalSection
	GlobalSection(ExtensibilityGlobals) = postSolution
		SolutionGuid = {2F14FE8B-4E69-4DB8-9E57-728FD89D4F74}
	EndGlobalSection
EndGlobal
